
Microsoft Visual Studio Solution File, Format Version 12.00
# Visual Studio Version 17
VisualStudioVersion = 17.11.35431.28
MinimumVisualStudioVersion = 10.0.40219.1
Project("{FAE04EC0-301F-11D3-BF4B-00C04F79EFBC}") = "Collections", "Collections\Collections.csproj", "{2260E3CF-5F8A-44CE-8A1D-FD582D35FAAD}"
EndProject
Global
	GlobalSection(SolutionConfigurationPlatforms) = preSolution
		Debug|Any CPU = Debug|Any CPU
		Release|Any CPU = Release|Any CPU
	EndGlobalSection
	GlobalSection(ProjectConfigurationPlatforms) = postSolution
		{2260E3CF-5F8A-44CE-8A1D-FD582D35FAAD}.Debug|Any CPU.ActiveCfg = Debug|Any CPU
		{2260E3CF-5F8A-44CE-8A1D-FD582D35FAAD}.Debug|Any CPU.Build.0 = Debug|Any CPU
		{2260E3CF-5F8A-44CE-8A1D-FD582D35FAAD}.Release|Any CPU.ActiveCfg = Release|Any CPU
		{2260E3CF-5F8A-44CE-8A1D-FD582D35FAAD}.Release|Any CPU.Build.0 = Release|Any CPU
	EndGlobalSection
	GlobalSection(SolutionProperties) = preSolution
		HideSolutionNode = FALSE
	EndGlobalSection
	GlobalSection(ExtensibilityGlobals) = postSolution
		SolutionGuid = {0471BCEE-8E14-4CD0-8A73-7D62A3AFAFEF}
	EndGlobalSection
EndGlobal
